
Microsoft Visual Studio Solution File, Format Version 12.00
# Visual Studio 15
VisualStudioVersion = 15.0.27004.2010
MinimumVisualStudioVersion = 10.0.40219.1
Project("{9A19103F-16F7-4668-BE54-9A1E7A4F7556}") = "Backend", "maci_backend\Backend.csproj", "{43DC25B4-886A-4EDA-B214-46B1615FC00C}"
EndProject
Project("{9A19103F-16F7-4668-BE54-9A1E7A4F7556}") = "AwsSetupTool", "AwsSetupTool\AwsSetupTool.csproj", "{CF88EC48-C9E8-455E-8FC7-DE0E78503293}"
EndProject
Global
	GlobalSection(SolutionConfigurationPlatforms) = preSolution
		Debug|Any CPU = Debug|Any CPU
		Release|Any CPU = Release|Any CPU
	EndGlobalSection
	GlobalSection(ProjectConfigurationPlatforms) = postSolution
		{43DC25B4-886A-4EDA-B214-46B1615FC00C}.Debug|Any CPU.ActiveCfg = Debug|Any CPU
		{43DC25B4-886A-4EDA-B214-46B1615FC00C}.Debug|Any CPU.Build.0 = Debug|Any CPU
		{43DC25B4-886A-4EDA-B214-46B1615FC00C}.Release|Any CPU.ActiveCfg = Release|Any CPU
		{43DC25B4-886A-4EDA-B214-46B1615FC00C}.Release|Any CPU.Build.0 = Release|Any CPU
		{CF88EC48-C9E8-455E-8FC7-DE0E78503293}.Debug|Any CPU.ActiveCfg = Debug|Any CPU
		{CF88EC48-C9E8-455E-8FC7-DE0E78503293}.Debug|Any CPU.Build.0 = Debug|Any CPU
		{CF88EC48-C9E8-455E-8FC7-DE0E78503293}.Release|Any CPU.ActiveCfg = Release|Any CPU
		{CF88EC48-C9E8-455E-8FC7-DE0E78503293}.Release|Any CPU.Build.0 = Release|Any CPU
	EndGlobalSection
	GlobalSection(SolutionProperties) = preSolution
		HideSolutionNode = FALSE
	EndGlobalSection
	GlobalSection(ExtensibilityGlobals) = postSolution
		SolutionGuid = {8A87273F-7C1B-4B29-B1DA-7F1CA775BFA9}
	EndGlobalSection
EndGlobal
